
Microsoft Visual Studio Solution File, Format Version 12.00
# Visual Studio 14
VisualStudioVersion = 14.0.25420.1
MinimumVisualStudioVersion = 10.0.40219.1
Project("{FAE04EC0-301F-11D3-BF4B-00C04F79EFBC}") = "graphics2", "graphics2\graphics2.csproj", "{DB53081C-7F04-45FE-BF61-3516417D1591}"
EndProject
Global
	GlobalSection(SolutionConfigurationPlatforms) = preSolution
		Debug|Any CPU = Debug|Any CPU
		Release|Any CPU = Release|Any CPU
	EndGlobalSection
	GlobalSection(ProjectConfigurationPlatforms) = postSolution
		{DB53081C-7F04-45FE-BF61-3516417D1591}.Debug|Any CPU.ActiveCfg = Debug|Any CPU
		{DB53081C-7F04-45FE-BF61-3516417D1591}.Debug|Any CPU.Build.0 = Debug|Any CPU
		{DB53081C-7F04-45FE-BF61-3516417D1591}.Release|Any CPU.ActiveCfg = Release|Any CPU
		{DB53081C-7F04-45FE-BF61-3516417D1591}.Release|Any CPU.Build.0 = Release|Any CPU
	EndGlobalSection
	GlobalSection(SolutionProperties) = preSolution
		HideSolutionNode = FALSE
	EndGlobalSection
EndGlobal
